dependencies:
- name: cert-manager
  repository: https://charts.jetstack.io
  version: v1.11.0
- name: certmanager-issuer
  repository: file://charts/certmanager-issuer
  version: 0.1.0
- name: hello-world
  repository: file://charts/hello-world
  version: 0.1.0
digest: sha256:f9031035bf1e3544b516a17133a5659e1f03f7e1f7cce38c26180d92a8b21502
generated: "2023-03-11T12:29:16.470462+01:00"
