dependencies:
- name: cert-manager
  repository: https://charts.jetstack.io
  version: v1.11.0
- name: certmanager-issuer
  repository: file://charts/certmanager-issuer
  version: 0.1.0
digest: sha256:31914169eac9b7a03b7b60790f6497f61d266a0bc1dc12ee92aab590c22147c2
generated: "2023-03-09T17:57:54.718311+01:00"
